
Microsoft Visual Studio Solution File, Format Version 12.00
# Visual Studio 14
VisualStudioVersion = 14.0.25420.1
MinimumVisualStudioVersion = 10.0.40219.1
Project("{FAE04EC0-301F-11D3-BF4B-00C04F79EFBC}") = "ECPay.SDK.Logistics", "ECPay.SDK.Logistics\ECPay.SDK.Logistics.csproj", "{C51164A8-E159-40A0-9E68-7CF1C741433E}"
EndProject
Project("{FAE04EC0-301F-11D3-BF4B-00C04F79EFBC}") = "ECPay.Logistics.ClientWebAPISample", "ECPay.Logistics.ClientWebAPISample\ECPay.Logistics.ClientWebAPISample.csproj", "{682989DC-14DE-4D52-9863-0F34FFB2C324}"
EndProject
Global
	GlobalSection(SolutionConfigurationPlatforms) = preSolution
		Debug|Any CPU = Debug|Any CPU
		Release|Any CPU = Release|Any CPU
	EndGlobalSection
	GlobalSection(ProjectConfigurationPlatforms) = postSolution
		{C51164A8-E159-40A0-9E68-7CF1C741433E}.Debug|Any CPU.ActiveCfg = Debug|Any CPU
		{C51164A8-E159-40A0-9E68-7CF1C741433E}.Debug|Any CPU.Build.0 = Debug|Any CPU
		{C51164A8-E159-40A0-9E68-7CF1C741433E}.Release|Any CPU.ActiveCfg = Release|Any CPU
		{C51164A8-E159-40A0-9E68-7CF1C741433E}.Release|Any CPU.Build.0 = Release|Any CPU
		{682989DC-14DE-4D52-9863-0F34FFB2C324}.Debug|Any CPU.ActiveCfg = Debug|Any CPU
		{682989DC-14DE-4D52-9863-0F34FFB2C324}.Debug|Any CPU.Build.0 = Debug|Any CPU
		{682989DC-14DE-4D52-9863-0F34FFB2C324}.Release|Any CPU.ActiveCfg = Release|Any CPU
		{682989DC-14DE-4D52-9863-0F34FFB2C324}.Release|Any CPU.Build.0 = Release|Any CPU
	EndGlobalSection
	GlobalSection(SolutionProperties) = preSolution
		HideSolutionNode = FALSE
	EndGlobalSection
EndGlobal
